
Microsoft Visual Studio Solution File, Format Version 12.00
# Visual Studio Version 16
VisualStudioVersion = 16.0.30128.74
MinimumVisualStudioVersion = 10.0.40219.1
Project("{9A19103F-16F7-4668-BE54-9A1E7A4F7556}") = "Threax.ConsoleApp", "Threax.ConsoleApp\Threax.ConsoleApp.csproj", "{C424AAE6-84C4-4289-BEF0-E814E70CA63A}"
EndProject
Global
	GlobalSection(SolutionConfigurationPlatforms) = preSolution
		Debug|Any CPU = Debug|Any CPU
		Release|Any CPU = Release|Any CPU
	EndGlobalSection
	GlobalSection(ProjectConfigurationPlatforms) = postSolution
		{C424AAE6-84C4-4289-BEF0-E814E70CA63A}.Debug|Any CPU.ActiveCfg = Debug|Any CPU
		{C424AAE6-84C4-4289-BEF0-E814E70CA63A}.Debug|Any CPU.Build.0 = Debug|Any CPU
		{C424AAE6-84C4-4289-BEF0-E814E70CA63A}.Release|Any CPU.ActiveCfg = Release|Any CPU
		{C424AAE6-84C4-4289-BEF0-E814E70CA63A}.Release|Any CPU.Build.0 = Release|Any CPU
	EndGlobalSection
	GlobalSection(SolutionProperties) = preSolution
		HideSolutionNode = FALSE
	EndGlobalSection
	GlobalSection(ExtensibilityGlobals) = postSolution
		SolutionGuid = {640A3CB7-4C36-474C-A8DB-F8DCE9DC9514}
	EndGlobalSection
EndGlobal
